GEM
  remote: https://rubygems.org/
  specs:
    mustermann (2.0.2)
    rack (2.2.21)
    rack-protection (2.2.4)
      rack
    tilt (2.6.1)
    ruby2_keywords (0.0.5)
    sinatra (2.2)
      mustermann (~> 2.0)
      rack (~> 2.2)
      rack-protection (~> 2.2.4)
      tilt (~> 2.0)
      ruby2_keywords (~> 0.0.5)

PLATFORMS
  x86_64-linux

DEPENDENCIES
  sinatra (~> 2.2)

BUNDLED WITH
   2.6.7

